# THIS IS AN AUTOGENERATED FILE. DO NOT EDIT THIS FILE DIRECTLY.
# yarn lockfile v1


"@actions/core@^1.2.6":
  version "1.2.6"
  resolved "https://registry.yarnpkg.com/@actions/core/-/core-1.2.6.tgz#a78d49f41a4def18e88ce47c2cac615d5694bf09"
  integrity sha512-ZQYitnqiyBc3D+k7LsgSBmMDVkOVidaagDG7j3fOym77jNunWRuYx7VSHa9GNfFZh+zh61xsCjRj4JxMZlDqTA==

"@actions/exec@^1.0.4":
  version "1.0.4"
  resolved "https://registry.yarnpkg.com/@actions/exec/-/exec-1.0.4.tgz#99d75310e62e59fc37d2ee6dcff6d4bffadd3a5d"
  integrity sha512-4DPChWow9yc9W3WqEbUj8Nr86xkpyE29ZzWjXucHItclLbEW6jr80Zx4nqv18QL6KK65+cifiQZXvnqgTV6oHw==
  dependencies:
    "@actions/io" "^1.0.1"

"@actions/github@^4.0.0":
  version "4.0.0"
  resolved "https://registry.yarnpkg.com/@actions/github/-/github-4.0.0.tgz#d520483151a2bf5d2dc9cd0f20f9ac3a2e458816"
  integrity sha512-Ej/Y2E+VV6sR9X7pWL5F3VgEWrABaT292DRqRU6R4hnQjPtC/zD3nagxVdXWiRQvYDh8kHXo7IDmG42eJ/dOMA==
  dependencies:
    "@actions/http-client" "^1.0.8"
    "@octokit/core" "^3.0.0"
    "@octokit/plugin-paginate-rest" "^2.2.3"
    "@octokit/plugin-rest-endpoint-methods" "^4.0.0"

"@actions/glob@^0.1.1":
  version "0.1.1"
  resolved "https://registry.yarnpkg.com/@actions/glob/-/glob-0.1.1.tgz#0af851312dfed21fdf9eac3473cfde93ffa56e40"
  integrity sha512-ikM4GVZOgSGDNTjv0ECJ8AOqmDqQwtO4K1M4P465C9iikRq34+FwCjUVSwzgOYDP85qtddyWpzBw5lTub/9Xmg==
  dependencies:
    "@actions/core" "^1.2.6"
    minimatch "^3.0.4"

"@actions/http-client@^1.0.8":
  version "1.0.9"
  resolved "https://registry.yarnpkg.com/@actions/http-client/-/http-client-1.0.9.tgz#af1947d020043dbc6a3b4c5918892095c30ffb52"
  integrity sha512-0O4SsJ7q+MK0ycvXPl2e6bMXV7dxAXOGjrXS1eTF9s2S401Tp6c/P3c3Joz04QefC1J6Gt942Wl2jbm3f4mLcg==
  dependencies:
    tunnel "0.0.6"

"@actions/io@^1.0.1", "@actions/io@^1.0.2":
  version "1.0.2"
  resolved "https://registry.yarnpkg.com/@actions/io/-/io-1.0.2.tgz#2f614b6e69ce14d191180451eb38e6576a6e6b27"
  integrity sha512-J8KuFqVPr3p6U8W93DOXlXW6zFvrQAJANdS+vw0YhusLIq+bszW8zmK2Fh1C2kDPX8FMvwIl1OUcFgvJoXLbAg==

"@octokit/auth-token@^2.4.4":
  version "2.4.4"
  resolved "https://registry.yarnpkg.com/@octokit/auth-token/-/auth-token-2.4.4.tgz#ee31c69b01d0378c12fd3ffe406030f3d94d3b56"
  integrity sha512-LNfGu3Ro9uFAYh10MUZVaT7X2CnNm2C8IDQmabx+3DygYIQjs9FwzFAHN/0t6mu5HEPhxcb1XOuxdpY82vCg2Q==
  dependencies:
    "@octokit/types" "^6.0.0"

"@octokit/core@^3.0.0":
  version "3.2.4"
  resolved "https://registry.yarnpkg.com/@octokit/core/-/core-3.2.4.tgz#5791256057a962eca972e31818f02454897fd106"
  integrity sha512-d9dTsqdePBqOn7aGkyRFe7pQpCXdibSJ5SFnrTr0axevObZrpz3qkWm7t/NjYv5a66z6vhfteriaq4FRz3e0Qg==
  dependencies:
    "@octokit/auth-token" "^2.4.4"
    "@octokit/graphql" "^4.5.8"
    "@octokit/request" "^5.4.12"
    "@octokit/types" "^6.0.3"
    before-after-hook "^2.1.0"
    universal-user-agent "^6.0.0"

"@octokit/endpoint@^6.0.1":
  version "6.0.6"
  resolved "https://registry.yarnpkg.com/@octokit/endpoint/-/endpoint-6.0.6.tgz#4f09f2b468976b444742a1d5069f6fa45826d999"
  integrity sha512-7Cc8olaCoL/mtquB7j/HTbPM+sY6Ebr4k2X2y4JoXpVKQ7r5xB4iGQE0IoO58wIPsUk4AzoT65AMEpymSbWTgQ==
  dependencies:
    "@octokit/types" "^5.0.0"
    is-plain-object "^5.0.0"
    universal-user-agent "^6.0.0"

"@octokit/graphql@^4.5.8":
  version "4.5.8"
  resolved "https://registry.yarnpkg.com/@octokit/graphql/-/graphql-4.5.8.tgz#d42373633c3015d0eafce64a8ce196be167fdd9b"
  integrity sha512-WnCtNXWOrupfPJgXe+vSmprZJUr0VIu14G58PMlkWGj3cH+KLZEfKMmbUQ6C3Wwx6fdhzVW1CD5RTnBdUHxhhA==
  dependencies:
    "@octokit/request" "^5.3.0"
    "@octokit/types" "^6.0.0"
    universal-user-agent "^6.0.0"

"@octokit/openapi-types@^2.0.1":
  version "2.0.1"
  resolved "https://registry.yarnpkg.com/@octokit/openapi-types/-/openapi-types-2.0.1.tgz#7453d8281ce66b8ed1607f7ac7d751c3baffd2cc"
  integrity sha512-9AuC04PUnZrjoLiw3uPtwGh9FE4Q3rTqs51oNlQ0rkwgE8ftYsOC+lsrQyvCvWm85smBbSc0FNRKKumvGyb44Q==

"@octokit/plugin-paginate-rest@^2.2.3":
  version "2.6.2"
  resolved "https://registry.yarnpkg.com/@octokit/plugin-paginate-rest/-/plugin-paginate-rest-2.6.2.tgz#45d13dbf5ff8aed54f1a3716b1d57fdc62720c5f"
  integrity sha512-3Dy7/YZAwdOaRpGQoNHPeT0VU1fYLpIUdPyvR37IyFLgd6XSij4j9V/xN/+eSjF2KKvmfIulEh9LF1tRPjIiDA==
  dependencies:
    "@octokit/types" "^6.0.1"

"@octokit/plugin-rest-endpoint-methods@^4.0.0":
  version "4.4.1"
  resolved "https://registry.yarnpkg.com/@octokit/plugin-rest-endpoint-methods/-/plugin-rest-endpoint-methods-4.4.1.tgz#105cf93255432155de078c9efc33bd4e14d1cd63"
  integrity sha512-+v5PcvrUcDeFXf8hv1gnNvNLdm4C0+2EiuWt9EatjjUmfriM1pTMM+r4j1lLHxeBQ9bVDmbywb11e3KjuavieA==
  dependencies:
    "@octokit/types" "^6.1.0"
    deprecation "^2.3.1"

"@octokit/request-error@^2.0.0":
  version "2.0.2"
  resolved "https://registry.yarnpkg.com/@octokit/request-error/-/request-error-2.0.2.tgz#0e76b83f5d8fdda1db99027ea5f617c2e6ba9ed0"
  integrity sha512-2BrmnvVSV1MXQvEkrb9zwzP0wXFNbPJij922kYBTLIlIafukrGOb+ABBT2+c6wZiuyWDH1K1zmjGQ0toN/wMWw==
  dependencies:
    "@octokit/types" "^5.0.1"
    deprecation "^2.0.0"
    once "^1.4.0"

"@octokit/request@^5.3.0", "@octokit/request@^5.4.12":
  version "5.4.12"
  resolved "https://registry.yarnpkg.com/@octokit/request/-/request-5.4.12.tgz#b04826fa934670c56b135a81447be2c1723a2ffc"
  integrity sha512-MvWYdxengUWTGFpfpefBBpVmmEYfkwMoxonIB3sUGp5rhdgwjXL1ejo6JbgzG/QD9B/NYt/9cJX1pxXeSIUCkg==
  dependencies:
    "@octokit/endpoint" "^6.0.1"
    "@octokit/request-error" "^2.0.0"
    "@octokit/types" "^6.0.3"
    deprecation "^2.0.0"
    is-plain-object "^5.0.0"
    node-fetch "^2.6.1"
    once "^1.4.0"
    universal-user-agent "^6.0.0"

"@octokit/types@^5.0.0", "@octokit/types@^5.0.1":
  version "5.5.0"
  resolved "https://registry.yarnpkg.com/@octokit/types/-/types-5.5.0.tgz#e5f06e8db21246ca102aa28444cdb13ae17a139b"
  integrity sha512-UZ1pErDue6bZNjYOotCNveTXArOMZQFG6hKJfOnGnulVCMcVVi7YIIuuR4WfBhjo7zgpmzn/BkPDnUXtNx+PcQ==
  dependencies:
    "@types/node" ">= 8"

"@octokit/types@^6.0.0", "@octokit/types@^6.0.1", "@octokit/types@^6.0.3", "@octokit/types@^6.1.0":
  version "6.1.2"
  resolved "https://registry.yarnpkg.com/@octokit/types/-/types-6.1.2.tgz#2b3a6ae0b8b71c27c770b4ff3e9ad8f1f538af58"
  integrity sha512-LPCpcLbcky7fWfHCTuc7tMiSHFpFlrThJqVdaHgowBTMS0ijlZFfonQC/C1PrZOjD4xRCYgBqH9yttEATGE/nw==
  dependencies:
    "@octokit/openapi-types" "^2.0.1"
    "@types/node" ">= 8"

"@types/node@>= 8":
  version "14.11.2"
  resolved "https://registry.yarnpkg.com/@types/node/-/node-14.11.2.tgz#2de1ed6670439387da1c9f549a2ade2b0a799256"
  integrity sha512-jiE3QIxJ8JLNcb1Ps6rDbysDhN4xa8DJJvuC9prr6w+1tIh+QAbYyNF3tyiZNLDBIuBCf4KEcV2UvQm/V60xfA==

balanced-match@^1.0.0:
  version "1.0.0"
  resolved "https://registry.yarnpkg.com/balanced-match/-/balanced-match-1.0.0.tgz#89b4d199ab2bee49de164ea02b89ce462d71b767"
  integrity sha1-ibTRmasr7kneFk6gK4nORi1xt2c=

before-after-hook@^2.1.0:
  version "2.1.0"
  resolved "https://registry.yarnpkg.com/before-after-hook/-/before-after-hook-2.1.0.tgz#b6c03487f44e24200dd30ca5e6a1979c5d2fb635"
  integrity sha512-IWIbu7pMqyw3EAJHzzHbWa85b6oud/yfKYg5rqB5hNE8CeMi3nX+2C2sj0HswfblST86hpVEOAb9x34NZd6P7A==

brace-expansion@^1.1.7:
  version "1.1.11"
  resolved "https://registry.yarnpkg.com/brace-expansion/-/brace-expansion-1.1.11.tgz#3c7fcbf529d87226f3d2f52b966ff5271eb441dd"
  integrity sha512-iCuPHDFgrHX7H2vEI/5xpz07zSHB00TpugqhmYtVmMO6518mCuRMoOYFldEBl0g187ufozdaHgWKcYFb61qGiA==
  dependencies:
    balanced-match "^1.0.0"
    concat-map "0.0.1"

concat-map@0.0.1:
  version "0.0.1"
  resolved "https://registry.yarnpkg.com/concat-map/-/concat-map-0.0.1.tgz#d8a96bd77fd68df7793a73036a3ba0d5405d477b"
  integrity sha1-2Klr13/Wjfd5OnMDajug1UBdR3s=

deprecation@^2.0.0, deprecation@^2.3.1:
  version "2.3.1"
  resolved "https://registry.yarnpkg.com/deprecation/-/deprecation-2.3.1.tgz#6368cbdb40abf3373b525ac87e4a260c3a700919"
  integrity sha512-xmHIy4F3scKVwMsQ4WnVaS8bHOx0DmVwRywosKhaILI0ywMDWPtBSku2HNxRvF7jtwDRsoEwYQSfbxj8b7RlJQ==

diff-lines@^1.1.1:
  version "1.1.1"
  resolved "https://registry.yarnpkg.com/diff-lines/-/diff-lines-1.1.1.tgz#4f10a709b6ce2af1d6b412ada5a90cf01d782571"
  integrity sha512-Oo5JzEEriF/+T0usOeRP5yOzr6SWvni2rrxvIgijMZSxPcEvf8JOvCO5GpnWwkte7fcOgnue/f5ECg1H9lMPCw==
  dependencies:
    diff "^3.5.0"

diff@^3.5.0:
  version "3.5.0"
  resolved "https://registry.yarnpkg.com/diff/-/diff-3.5.0.tgz#800c0dd1e0a8bfbc95835c202ad220fe317e5a12"
  integrity sha512-A46qtFgd+g7pDZinpnwiRJtxbC1hpgf0uzP3iG89scHk0AUC7A1TGxf5OiiOUv/JMZR8GOt8hL900hV0bOy5xA==

is-plain-object@^5.0.0:
  version "5.0.0"
  resolved "https://registry.yarnpkg.com/is-plain-object/-/is-plain-object-5.0.0.tgz#4427f50ab3429e9025ea7d52e9043a9ef4159344"
  integrity sha512-VRSzKkbMm5jMDoKLbltAkFQ5Qr7VDiTFGXxYFXXowVj387GeGNOCsOH6Msy00SGZ3Fp84b1Naa1psqgcCIEP5Q==

minimatch@^3.0.4:
  version "3.0.4"
  resolved "https://registry.yarnpkg.com/minimatch/-/minimatch-3.0.4.tgz#5166e286457f03306064be5497e8dbb0c3d32083"
  integrity sha512-yJHVQEhyqPLUTgt9B83PXu6W3rx4MvvHvSUvToogpwoGDOUQ+yDrR0HRot+yOCdCO7u4hX3pWft6kWBBcqh0UA==
  dependencies:
    brace-expansion "^1.1.7"

node-fetch@^2.6.1:
  version "2.6.1"
  resolved "https://registry.yarnpkg.com/node-fetch/-/node-fetch-2.6.1.tgz#045bd323631f76ed2e2b55573394416b639a0052"
  integrity sha512-V4aYg89jEoVRxRb2fJdAg8FHvI7cEyYdVAh94HH0UIK8oJxUfkjlDQN9RbMx+bEjP7+ggMiFRprSti032Oipxw==

normalize-newline@^3.0.0:
  version "3.0.0"
  resolved "https://registry.yarnpkg.com/normalize-newline/-/normalize-newline-3.0.0.tgz#1cbea804aba436001f83938ab21ec039d69ae9d3"
  integrity sha1-HL6oBKukNgAfg5OKsh7AOdaa6dM=

once@^1.4.0:
  version "1.4.0"
  resolved "https://registry.yarnpkg.com/once/-/once-1.4.0.tgz#583b1aa775961d4b113ac17d9c50baef9dd76bd1"
  integrity sha1-WDsap3WWHUsROsF9nFC6753Xa9E=
  dependencies:
    wrappy "1"

tunnel@0.0.6:
  version "0.0.6"
  resolved "https://registry.yarnpkg.com/tunnel/-/tunnel-0.0.6.tgz#72f1314b34a5b192db012324df2cc587ca47f92c"
  integrity sha512-1h/Lnq9yajKY2PEbBadPXj3VxsDDu844OnaAo52UVmIzIvwwtBPIuNvkjuzBlTWpfJyUbG3ez0KSBibQkj4ojg==

universal-user-agent@^6.0.0:
  version "6.0.0"
  resolved "https://registry.yarnpkg.com/universal-user-agent/-/universal-user-agent-6.0.0.tgz#3381f8503b251c0d9cd21bc1de939ec9df5480ee"
  integrity sha512-isyNax3wXoKaulPDZWHQqbmIx1k2tb9fb3GGDBRxCscfYV2Ch7WxPArBsFEG8s/safwXTT7H4QGhaIkTp9447w==

wrappy@1:
  version "1.0.2"
  resolved "https://registry.yarnpkg.com/wrappy/-/wrappy-1.0.2.tgz#b5243d8f3ec1aa35f1364605bc0d1036e30ab69f"
  integrity sha1-tSQ9jz7BqjXxNkYFvA0QNuMKtp8=
