# THIS IS AN AUTOGENERATED FILE. DO NOT EDIT THIS FILE DIRECTLY.
# yarn lockfile v1


"@angular-devkit/core@8.3.6", "@angular-devkit/core@^8.3.5":
  version "8.3.6"
  resolved "https://registry.yarnpkg.com/@angular-devkit/core/-/core-8.3.6.tgz#6ad4787e3cb8b03234a194dd53e12cf054a4169c"
  integrity sha512-kf4ViwjxERlyAnnrbenaUzPr0muixCyupzyiJ2RIuenK3ob9t1fnAsaugZt+Gfo54i3NgfBMKu1xNwnTR7HnAw==
  dependencies:
    ajv "6.10.2"
    fast-json-stable-stringify "2.0.0"
    magic-string "0.25.3"
    rxjs "6.4.0"
    source-map "0.7.3"

"@angular-devkit/schematics@8.3.6", "@angular-devkit/schematics@^8.3.5":
  version "8.3.6"
  resolved "https://registry.yarnpkg.com/@angular-devkit/schematics/-/schematics-8.3.6.tgz#9a21a090208398a70e87d24a66e8d147f14713e0"
  integrity sha512-5I4WDIMHw8zuajhXdy2xjtJLglMWE2Bo1Ri4wFR8cmj8nXUQ1fdPMWg3CqiepcNls2c8xXXMBMHZb/FhC32sBw==
  dependencies:
    "@angular-devkit/core" "8.3.6"
    rxjs "6.4.0"

"@angular/cdk@^8.2.1":
  version "8.2.1"
  resolved "https://registry.yarnpkg.com/@angular/cdk/-/cdk-8.2.1.tgz#3dc2648fe8255098940c9f9a16a271f422571d51"
  integrity sha512-Y6xTxESrQlWw1kvSVWAs9cfeN/sYThrc/S9Ll4vekNkYSzye4mHHmDxzsKeGLR1tP+7urXTVz6xo44YUWVE7mw==
  dependencies:
    tslib "^1.7.1"
  optionalDependencies:
    parse5 "^5.0.0"

"@angular/pwa@^0.803.5":
  version "0.803.6"
  resolved "https://registry.yarnpkg.com/@angular/pwa/-/pwa-0.803.6.tgz#16fc0c23e1e0f516578aae886438eab6cdcff028"
  integrity sha512-jYR7ZAjXh08iG2oWQNxYSyGBYgFsUpBIN0gr0O7B1G7ARRLtRfNwgucxTEld0muPjEh0mOTro+eeFAGveyuu4A==
  dependencies:
    "@angular-devkit/core" "8.3.6"
    "@angular-devkit/schematics" "8.3.6"
    "@schematics/angular" "8.3.6"
    parse5-html-rewriting-stream "5.1.0"

"@nguniversal/express-engine@^8.1.1":
  version "8.1.1"
  resolved "https://registry.yarnpkg.com/@nguniversal/express-engine/-/express-engine-8.1.1.tgz#253f2a484764cf183a679847a0c25c52d5b25ab9"
  integrity sha512-LKfNnKb1BU1IyI/U7LcDgU744ptrn7fTYb3QqHAlGaozHUNRjXpNuBdkrcAS5+8UAhRlTllpSt1c+TmY2/tomA==

"@schematics/angular@8.3.6", "@schematics/angular@^8.3.5":
  version "8.3.6"
  resolved "https://registry.yarnpkg.com/@schematics/angular/-/angular-8.3.6.tgz#409873ef29affac0a1851f88db312fedc7528e57"
  integrity sha512-2M2UPWw5YscOu1qw48qjef02akwzQh1SHO0L9LnAcPJrpXG2Q/7QoPnjIN6J95JsF+ZbpmFXK0i5rGlnvOEXpA==
  dependencies:
    "@angular-devkit/core" "8.3.6"
    "@angular-devkit/schematics" "8.3.6"

"@types/jasmine@^3.4.0":
  version "3.4.0"
  resolved "https://registry.yarnpkg.com/@types/jasmine/-/jasmine-3.4.0.tgz#018c56db42400c092aae47de21f710b7f04e4b06"
  integrity sha512-6pUnBg6DuSB55xnxJ5+gW9JOkFrPsXkYAuqqEE8oyrpgDiPQ+TZ+1Zt4S+CHcRJcxyNYXeIXG4vHSzdF6y9Uvw==

"@types/node@^10.14.19":
  version "10.14.19"
  resolved "https://registry.yarnpkg.com/@types/node/-/node-10.14.19.tgz#f52742c7834a815dedf66edfc8a51547e2a67342"
  integrity sha512-j6Sqt38ssdMKutXBUuAcmWF8QtHW1Fwz/mz4Y+Wd9mzpBiVFirjpNQf363hG5itkG+yGaD+oiLyb50HxJ36l9Q==

ajv@6.10.2:
  version "6.10.2"
  resolved "https://registry.yarnpkg.com/ajv/-/ajv-6.10.2.tgz#d3cea04d6b017b2894ad69040fec8b623eb4bd52"
  integrity sha512-TXtUUEYHuaTEbLZWIKUr5pmBuhDLy+8KYtPYdcV8qC+pOZL+NKqYwvWSRrVXHn+ZmRRAu8vJTAznH7Oag6RVRw==
  dependencies:
    fast-deep-equal "^2.0.1"
    fast-json-stable-stringify "^2.0.0"
    json-schema-traverse "^0.4.1"
    uri-js "^4.2.2"

balanced-match@^1.0.0:
  version "1.0.0"
  resolved "https://registry.yarnpkg.com/balanced-match/-/balanced-match-1.0.0.tgz#89b4d199ab2bee49de164ea02b89ce462d71b767"
  integrity sha1-ibTRmasr7kneFk6gK4nORi1xt2c=

brace-expansion@^1.1.7:
  version "1.1.11"
  resolved "https://registry.yarnpkg.com/brace-expansion/-/brace-expansion-1.1.11.tgz#3c7fcbf529d87226f3d2f52b966ff5271eb441dd"
  integrity sha512-iCuPHDFgrHX7H2vEI/5xpz07zSHB00TpugqhmYtVmMO6518mCuRMoOYFldEBl0g187ufozdaHgWKcYFb61qGiA==
  dependencies:
    balanced-match "^1.0.0"
    concat-map "0.0.1"

concat-map@0.0.1:
  version "0.0.1"
  resolved "https://registry.yarnpkg.com/concat-map/-/concat-map-0.0.1.tgz#d8a96bd77fd68df7793a73036a3ba0d5405d477b"
  integrity sha1-2Klr13/Wjfd5OnMDajug1UBdR3s=

fast-deep-equal@^2.0.1:
  version "2.0.1"
  resolved "https://registry.yarnpkg.com/fast-deep-equal/-/fast-deep-equal-2.0.1.tgz#7b05218ddf9667bf7f370bf7fdb2cb15fdd0aa49"
  integrity sha1-ewUhjd+WZ79/Nwv3/bLLFf3Qqkk=

fast-json-stable-stringify@2.0.0, fast-json-stable-stringify@^2.0.0:
  version "2.0.0"
  resolved "https://registry.yarnpkg.com/fast-json-stable-stringify/-/fast-json-stable-stringify-2.0.0.tgz#d5142c0caee6b1189f87d3a76111064f86c8bbf2"
  integrity sha1-1RQsDK7msRifh9OnYREGT4bIu/I=

fs.realpath@^1.0.0:
  version "1.0.0"
  resolved "https://registry.yarnpkg.com/fs.realpath/-/fs.realpath-1.0.0.tgz#1504ad2523158caa40db4a2787cb01411994ea4f"
  integrity sha1-FQStJSMVjKpA20onh8sBQRmU6k8=

glob@^7.1.4:
  version "7.1.4"
  resolved "https://registry.yarnpkg.com/glob/-/glob-7.1.4.tgz#aa608a2f6c577ad357e1ae5a5c26d9a8d1969255"
  integrity sha512-hkLPepehmnKk41pUGm3sYxoFs/umurYfYJCerbXEyFIWcAzvpipAgVkBqqT9RBKMGjnq6kMuyYwha6csxbiM1A==
  dependencies:
    fs.realpath "^1.0.0"
    inflight "^1.0.4"
    inherits "2"
    minimatch "^3.0.4"
    once "^1.3.0"
    path-is-absolute "^1.0.0"

inflight@^1.0.4:
  version "1.0.6"
  resolved "https://registry.yarnpkg.com/inflight/-/inflight-1.0.6.tgz#49bd6331d7d02d0c09bc910a1075ba8165b56df9"
  integrity sha1-Sb1jMdfQLQwJvJEKEHW6gWW1bfk=
  dependencies:
    once "^1.3.0"
    wrappy "1"

inherits@2:
  version "2.0.4"
  resolved "https://registry.yarnpkg.com/inherits/-/inherits-2.0.4.tgz#0fa2c64f932917c3433a0ded55363aae37416b7c"
  integrity sha512-k/vGaX4/Yla3WzyMCvTQOXYeIHvqOKtnqBduzTHpzpQZzAskKMhZ2K+EnBiSM9zGSoIFeMpXKxa4dYeZIQqewQ==

jasmine-core@~3.5.0:
  version "3.5.0"
  resolved "https://registry.yarnpkg.com/jasmine-core/-/jasmine-core-3.5.0.tgz#132c23e645af96d85c8bca13c8758b18429fc1e4"
  integrity sha512-nCeAiw37MIMA9w9IXso7bRaLl+c/ef3wnxsoSAlYrzS+Ot0zTG6nU8G/cIfGkqpkjX2wNaIW9RFG0TwIFnG6bA==

jasmine@^3.5.0:
  version "3.5.0"
  resolved "https://registry.yarnpkg.com/jasmine/-/jasmine-3.5.0.tgz#7101eabfd043a1fc82ac24e0ab6ec56081357f9e"
  integrity sha512-DYypSryORqzsGoMazemIHUfMkXM7I7easFaxAvNM3Mr6Xz3Fy36TupTrAOxZWN8MVKEU5xECv22J4tUQf3uBzQ==
  dependencies:
    glob "^7.1.4"
    jasmine-core "~3.5.0"

json-schema-traverse@^0.4.1:
  version "0.4.1"
  resolved "https://registry.yarnpkg.com/json-schema-traverse/-/json-schema-traverse-0.4.1.tgz#69f6a87d9513ab8bb8fe63bdb0979c448e684660"
  integrity sha512-xbbCH5dCYU5T8LcEhhuh7HJ88HXuW3qsI3Y0zOZFKfZEHcpWiHU/Jxzk629Brsab/mMiHQti9wMP+845RPe3Vg==

magic-string@0.25.3:
  version "0.25.3"
  resolved "https://registry.yarnpkg.com/magic-string/-/magic-string-0.25.3.tgz#34b8d2a2c7fec9d9bdf9929a3fd81d271ef35be9"
  integrity sha512-6QK0OpF/phMz0Q2AxILkX2mFhi7m+WMwTRg0LQKq/WBB0cDP4rYH3Wp4/d3OTXlrPLVJT/RFqj8tFeAR4nk8AA==
  dependencies:
    sourcemap-codec "^1.4.4"

minimatch@^3.0.4:
  version "3.0.4"
  resolved "https://registry.yarnpkg.com/minimatch/-/minimatch-3.0.4.tgz#5166e286457f03306064be5497e8dbb0c3d32083"
  integrity sha512-yJHVQEhyqPLUTgt9B83PXu6W3rx4MvvHvSUvToogpwoGDOUQ+yDrR0HRot+yOCdCO7u4hX3pWft6kWBBcqh0UA==
  dependencies:
    brace-expansion "^1.1.7"

once@^1.3.0:
  version "1.4.0"
  resolved "https://registry.yarnpkg.com/once/-/once-1.4.0.tgz#583b1aa775961d4b113ac17d9c50baef9dd76bd1"
  integrity sha1-WDsap3WWHUsROsF9nFC6753Xa9E=
  dependencies:
    wrappy "1"

parse5-html-rewriting-stream@5.1.0:
  version "5.1.0"
  resolved "https://registry.yarnpkg.com/parse5-html-rewriting-stream/-/parse5-html-rewriting-stream-5.1.0.tgz#63f92c958764aea8cbe3aa68f2e5895c32068ab8"
  integrity sha512-hZlaOTHJs4dpC5yFHnOSEMh26ErsqTsLzxKqkuRcUqtiu0kMsBQ9pkgANkECDyoBUhJ3+hvb2DPLsyqbtcS61Q==
  dependencies:
    parse5 "^5.1.0"
    parse5-sax-parser "^5.1.0"

parse5-sax-parser@^5.1.0:
  version "5.1.0"
  resolved "https://registry.yarnpkg.com/parse5-sax-parser/-/parse5-sax-parser-5.1.0.tgz#ec234d23223a8054a74ff173aa3dc2da74c5bbd9"
  integrity sha512-VEhdEDhBkoSILPmsZ96SoIIUow3hZbtgQsqXw7r8DxxnqsCIO0fwkT9mWgBcf9SPjVUh92liuEprHrrYzXBPWQ==
  dependencies:
    parse5 "^5.1.0"

parse5@^5.0.0, parse5@^5.1.0:
  version "5.1.0"
  resolved "https://registry.yarnpkg.com/parse5/-/parse5-5.1.0.tgz#c59341c9723f414c452975564c7c00a68d58acd2"
  integrity sha512-fxNG2sQjHvlVAYmzBZS9YlDp6PTSSDwa98vkD4QgVDDCAo84z5X1t5XyJQ62ImdLXx5NdIIfihey6xpum9/gRQ==

path-is-absolute@^1.0.0:
  version "1.0.1"
  resolved "https://registry.yarnpkg.com/path-is-absolute/-/path-is-absolute-1.0.1.tgz#174b9268735534ffbc7ace6bf53a5a9e1b5c5f5f"
  integrity sha1-F0uSaHNVNP+8es5r9TpanhtcX18=

punycode@^2.1.0:
  version "2.1.1"
  resolved "https://registry.yarnpkg.com/punycode/-/punycode-2.1.1.tgz#b58b010ac40c22c5657616c8d2c2c02c7bf479ec"
  integrity sha512-XRsRjdf+j5ml+y/6GKHPZbrF/8p2Yga0JPtdqTIY2Xe5ohJPD9saDJJLPvp9+NSBprVvevdXZybnj2cv8OEd0A==

rxjs@6.4.0:
  version "6.4.0"
  resolved "https://registry.yarnpkg.com/rxjs/-/rxjs-6.4.0.tgz#f3bb0fe7bda7fb69deac0c16f17b50b0b8790504"
  integrity sha512-Z9Yfa11F6B9Sg/BK9MnqnQ+aQYicPLtilXBp2yUtDt2JRCE0h26d33EnfO3ZxoNxG0T92OUucP3Ct7cpfkdFfw==
  dependencies:
    tslib "^1.9.0"

source-map@0.7.3:
  version "0.7.3"
  resolved "https://registry.yarnpkg.com/source-map/-/source-map-0.7.3.tgz#5302f8169031735226544092e64981f751750383"
  integrity sha512-CkCj6giN3S+n9qrYiBTX5gystlENnRW5jZeNLHpe6aue+SrHcG5VYwujhW9s4dY31mEGsxBDrHR6oI69fTXsaQ==

sourcemap-codec@^1.4.4:
  version "1.4.6"
  resolved "https://registry.yarnpkg.com/sourcemap-codec/-/sourcemap-codec-1.4.6.tgz#e30a74f0402bad09807640d39e971090a08ce1e9"
  integrity sha512-1ZooVLYFxC448piVLBbtOxFcXwnymH9oUF8nRd3CuYDVvkRBxRl6pB4Mtas5a4drtL+E8LDgFkQNcgIw6tc8Hg==

tslib@^1.7.1, tslib@^1.9.0:
  version "1.10.0"
  resolved "https://registry.yarnpkg.com/tslib/-/tslib-1.10.0.tgz#c3c19f95973fb0a62973fb09d90d961ee43e5c8a"
  integrity sha512-qOebF53frne81cf0S9B41ByenJ3/IuH8yJKngAX35CmiZySA0khhkovshKK+jGCaMnVomla7gVlIcc3EvKPbTQ==

typescript@3.5.3:
  version "3.5.3"
  resolved "https://registry.yarnpkg.com/typescript/-/typescript-3.5.3.tgz#c830f657f93f1ea846819e929092f5fe5983e977"
  integrity sha512-ACzBtm/PhXBDId6a6sDJfroT2pOWt/oOnk4/dElG5G33ZL776N3Y6/6bKZJBFpd+b05F3Ct9qDjMeJmRWtE2/g==

uri-js@^4.2.2:
  version "4.2.2"
  resolved "https://registry.yarnpkg.com/uri-js/-/uri-js-4.2.2.tgz#94c540e1ff772956e2299507c010aea6c8838eb0"
  integrity sha512-KY9Frmirql91X2Qgjry0Wd4Y+YTdrdZheS8TFwvkbLWf/G5KNJDCh6pKL5OZctEW4+0Baa5idK2ZQuELRwPznQ==
  dependencies:
    punycode "^2.1.0"

wrappy@1:
  version "1.0.2"
  resolved "https://registry.yarnpkg.com/wrappy/-/wrappy-1.0.2.tgz#b5243d8f3ec1aa35f1364605bc0d1036e30ab69f"
  integrity sha1-tSQ9jz7BqjXxNkYFvA0QNuMKtp8=
