# THIS IS AN AUTOGENERATED FILE. DO NOT EDIT THIS FILE DIRECTLY.
# yarn lockfile v1


"@actions/cache@^1.0.5":
  version "1.0.6"
  resolved "https://registry.yarnpkg.com/@actions/cache/-/cache-1.0.6.tgz#96000547577d4b915188e1c8e68e431e52c86ffc"
  integrity sha512-c8CSJS6uCatX07VHazgvL4XPMpTdawOyyD+OCThRE0v486lqThYa4tayRqTyl6FSyD5LclQyB8/FQlZ5cxTNJA==
  dependencies:
    "@actions/core" "^1.2.6"
    "@actions/exec" "^1.0.1"
    "@actions/glob" "^0.1.0"
    "@actions/http-client" "^1.0.9"
    "@actions/io" "^1.0.1"
    "@azure/ms-rest-js" "^2.0.7"
    "@azure/storage-blob" "^12.1.2"
    semver "^6.1.0"
    uuid "^3.3.3"

"@actions/core@^1.2.6":
  version "1.2.6"
  resolved "https://registry.yarnpkg.com/@actions/core/-/core-1.2.6.tgz#a78d49f41a4def18e88ce47c2cac615d5694bf09"
  integrity sha512-ZQYitnqiyBc3D+k7LsgSBmMDVkOVidaagDG7j3fOym77jNunWRuYx7VSHa9GNfFZh+zh61xsCjRj4JxMZlDqTA==

"@actions/exec@^1.0.1", "@actions/exec@^1.0.4":
  version "1.0.4"
  resolved "https://registry.yarnpkg.com/@actions/exec/-/exec-1.0.4.tgz#99d75310e62e59fc37d2ee6dcff6d4bffadd3a5d"
  integrity sha512-4DPChWow9yc9W3WqEbUj8Nr86xkpyE29ZzWjXucHItclLbEW6jr80Zx4nqv18QL6KK65+cifiQZXvnqgTV6oHw==
  dependencies:
    "@actions/io" "^1.0.1"

"@actions/github@^4.0.0":
  version "4.0.0"
  resolved "https://registry.yarnpkg.com/@actions/github/-/github-4.0.0.tgz#d520483151a2bf5d2dc9cd0f20f9ac3a2e458816"
  integrity sha512-Ej/Y2E+VV6sR9X7pWL5F3VgEWrABaT292DRqRU6R4hnQjPtC/zD3nagxVdXWiRQvYDh8kHXo7IDmG42eJ/dOMA==
  dependencies:
    "@actions/http-client" "^1.0.8"
    "@octokit/core" "^3.0.0"
    "@octokit/plugin-paginate-rest" "^2.2.3"
    "@octokit/plugin-rest-endpoint-methods" "^4.0.0"

"@actions/glob@^0.1.0", "@actions/glob@^0.1.1":
  version "0.1.1"
  resolved "https://registry.yarnpkg.com/@actions/glob/-/glob-0.1.1.tgz#0af851312dfed21fdf9eac3473cfde93ffa56e40"
  integrity sha512-ikM4GVZOgSGDNTjv0ECJ8AOqmDqQwtO4K1M4P465C9iikRq34+FwCjUVSwzgOYDP85qtddyWpzBw5lTub/9Xmg==
  dependencies:
    "@actions/core" "^1.2.6"
    minimatch "^3.0.4"

"@actions/http-client@^1.0.8", "@actions/http-client@^1.0.9":
  version "1.0.9"
  resolved "https://registry.yarnpkg.com/@actions/http-client/-/http-client-1.0.9.tgz#af1947d020043dbc6a3b4c5918892095c30ffb52"
  integrity sha512-0O4SsJ7q+MK0ycvXPl2e6bMXV7dxAXOGjrXS1eTF9s2S401Tp6c/P3c3Joz04QefC1J6Gt942Wl2jbm3f4mLcg==
  dependencies:
    tunnel "0.0.6"

"@actions/io@^1.0.1", "@actions/io@^1.0.2":
  version "1.0.2"
  resolved "https://registry.yarnpkg.com/@actions/io/-/io-1.0.2.tgz#2f614b6e69ce14d191180451eb38e6576a6e6b27"
  integrity sha512-J8KuFqVPr3p6U8W93DOXlXW6zFvrQAJANdS+vw0YhusLIq+bszW8zmK2Fh1C2kDPX8FMvwIl1OUcFgvJoXLbAg==

"@azure/abort-controller@^1.0.0":
  version "1.0.2"
  resolved "https://registry.yarnpkg.com/@azure/abort-controller/-/abort-controller-1.0.2.tgz#822405c966b2aec16fb62c1b19d37eaccf231995"
  integrity sha512-XUyTo+bcyxHEf+jlN2MXA7YU9nxVehaubngHV1MIZZaqYmZqykkoeAz/JMMEeR7t3TcyDwbFa3Zw8BZywmIx4g==
  dependencies:
    tslib "^2.0.0"

"@azure/core-asynciterator-polyfill@^1.0.0":
  version "1.0.0"
  resolved "https://registry.yarnpkg.com/@azure/core-asynciterator-polyfill/-/core-asynciterator-polyfill-1.0.0.tgz#dcccebb88406e5c76e0e1d52e8cc4c43a68b3ee7"
  integrity sha512-kmv8CGrPfN9SwMwrkiBK9VTQYxdFQEGe0BmQk+M8io56P9KNzpAxcWE/1fxJj7uouwN4kXF0BHW8DNlgx+wtCg==

"@azure/core-auth@^1.1.3", "@azure/core-auth@^1.1.4":
  version "1.2.0"
  resolved "https://registry.yarnpkg.com/@azure/core-auth/-/core-auth-1.2.0.tgz#a5a181164e99f8446a3ccf9039345ddc9bb63bb9"
  integrity sha512-KUl+Nwn/Sm6Lw5d3U90m1jZfNSL087SPcqHLxwn2T6PupNKmcgsEbDjHB25gDvHO4h7pBsTlrdJAY7dz+Qk8GA==
  dependencies:
    "@azure/abort-controller" "^1.0.0"
    tslib "^2.0.0"

"@azure/core-http@^1.2.0":
  version "1.2.3"
  resolved "https://registry.yarnpkg.com/@azure/core-http/-/core-http-1.2.3.tgz#b1e459f6705df1f8d09bf6582292891c04bcace1"
  integrity sha512-g5C1zUJO5dehP2Riv+vy9iCYoS1UwKnZsBVCzanScz9A83LbnXKpZDa9wie26G9dfXUhQoFZoFT8LYWhPKmwcg==
  dependencies:
    "@azure/abort-controller" "^1.0.0"
    "@azure/core-auth" "^1.1.3"
    "@azure/core-tracing" "1.0.0-preview.9"
    "@azure/logger" "^1.0.0"
    "@opentelemetry/api" "^0.10.2"
    "@types/node-fetch" "^2.5.0"
    "@types/tunnel" "^0.0.1"
    form-data "^3.0.0"
    node-fetch "^2.6.0"
    process "^0.11.10"
    tough-cookie "^4.0.0"
    tslib "^2.0.0"
    tunnel "^0.0.6"
    uuid "^8.3.0"
    xml2js "^0.4.19"

"@azure/core-lro@^1.0.2":
  version "1.0.3"
  resolved "https://registry.yarnpkg.com/@azure/core-lro/-/core-lro-1.0.3.tgz#1ddfb4ecdb81ce87b5f5d972ffe2acbbc46e524e"
  integrity sha512-Py2crJ84qx1rXkzIwfKw5Ni4WJuzVU7KAF6i1yP3ce8fbynUeu8eEWS4JGtSQgU7xv02G55iPDROifmSDbxeHA==
  dependencies:
    "@azure/abort-controller" "^1.0.0"
    "@azure/core-http" "^1.2.0"
    events "^3.0.0"
    tslib "^2.0.0"

"@azure/core-paging@^1.1.1":
  version "1.1.3"
  resolved "https://registry.yarnpkg.com/@azure/core-paging/-/core-paging-1.1.3.tgz#3587c9898a0530cacb64bab216d7318468aa5efc"
  integrity sha512-his7Ah40ThEYORSpIAwuh6B8wkGwO/zG7gqVtmSE4WAJ46e36zUDXTKReUCLBDc6HmjjApQQxxcRFy5FruG79A==
  dependencies:
    "@azure/core-asynciterator-polyfill" "^1.0.0"

"@azure/core-tracing@1.0.0-preview.9":
  version "1.0.0-preview.9"
  resolved "https://registry.yarnpkg.com/@azure/core-tracing/-/core-tracing-1.0.0-preview.9.tgz#84f3b85572013f9d9b85e1e5d89787aa180787eb"
  integrity sha512-zczolCLJ5QG42AEPQ+Qg9SRYNUyB+yZ5dzof4YEc+dyWczO9G2sBqbAjLB7IqrsdHN2apkiB2oXeDKCsq48jug==
  dependencies:
    "@opencensus/web-types" "0.0.7"
    "@opentelemetry/api" "^0.10.2"
    tslib "^2.0.0"

"@azure/logger@^1.0.0":
  version "1.0.1"
  resolved "https://registry.yarnpkg.com/@azure/logger/-/logger-1.0.1.tgz#19b333203d1b2931353d8879e814b64a7274837a"
  integrity sha512-QYQeaJ+A5x6aMNu8BG5qdsVBnYBop9UMwgUvGihSjf1PdZZXB+c/oMdM2ajKwzobLBh9e9QuMQkN9iL+IxLBLA==
  dependencies:
    tslib "^2.0.0"

"@azure/ms-rest-js@^2.0.7":
  version "2.2.3"
  resolved "https://registry.yarnpkg.com/@azure/ms-rest-js/-/ms-rest-js-2.2.3.tgz#8f0085f7768c69f17b3cdb20ce95728b452dc304"
  integrity sha512-sXOhOu/37Tr8428f32Jwuwga975Xw64pYg1UeUwOBMhkNgtn5vUuNRa3fhmem+I6f8EKoi6hOsYDFlaHeZ52jA==
  dependencies:
    "@azure/core-auth" "^1.1.4"
    "@types/node-fetch" "^2.3.7"
    "@types/tunnel" "0.0.1"
    abort-controller "^3.0.0"
    form-data "^2.5.0"
    node-fetch "^2.6.0"
    tough-cookie "^3.0.1"
    tslib "^1.10.0"
    tunnel "0.0.6"
    uuid "^3.3.2"
    xml2js "^0.4.19"

"@azure/storage-blob@^12.1.2":
  version "12.4.1"
  resolved "https://registry.yarnpkg.com/@azure/storage-blob/-/storage-blob-12.4.1.tgz#f2cc4a36a0df770b7b918ba89e72c02d72afbf2f"
  integrity sha512-RH6ru8LbnCC+m1rlVLon6mYUXdHsTcyUXFCJAWRQQM7p0XOwVKPS+UiVk2tZXfvMWd3q/qT/meOrEbHEcp/c4g==
  dependencies:
    "@azure/abort-controller" "^1.0.0"
    "@azure/core-http" "^1.2.0"
    "@azure/core-lro" "^1.0.2"
    "@azure/core-paging" "^1.1.1"
    "@azure/core-tracing" "1.0.0-preview.9"
    "@azure/logger" "^1.0.0"
    "@opentelemetry/api" "^0.10.2"
    events "^3.0.0"
    tslib "^2.0.0"

"@octokit/auth-token@^2.4.4":
  version "2.4.5"
  resolved "https://registry.yarnpkg.com/@octokit/auth-token/-/auth-token-2.4.5.tgz#568ccfb8cb46f36441fac094ce34f7a875b197f3"
  integrity sha512-BpGYsPgJt05M7/L/5FoE1PiAbdxXFZkX/3kDYcsvd1v6UhlnE5e96dTDr0ezX/EFwciQxf3cNV0loipsURU+WA==
  dependencies:
    "@octokit/types" "^6.0.3"

"@octokit/core@^3.0.0":
  version "3.2.5"
  resolved "https://registry.yarnpkg.com/@octokit/core/-/core-3.2.5.tgz#57becbd5fd789b0592b915840855f3a5f233d554"
  integrity sha512-+DCtPykGnvXKWWQI0E1XD+CCeWSBhB6kwItXqfFmNBlIlhczuDPbg+P6BtLnVBaRJDAjv+1mrUJuRsFSjktopg==
  dependencies:
    "@octokit/auth-token" "^2.4.4"
    "@octokit/graphql" "^4.5.8"
    "@octokit/request" "^5.4.12"
    "@octokit/types" "^6.0.3"
    before-after-hook "^2.1.0"
    universal-user-agent "^6.0.0"

"@octokit/endpoint@^6.0.1":
  version "6.0.11"
  resolved "https://registry.yarnpkg.com/@octokit/endpoint/-/endpoint-6.0.11.tgz#082adc2aebca6dcefa1fb383f5efb3ed081949d1"
  integrity sha512-fUIPpx+pZyoLW4GCs3yMnlj2LfoXTWDUVPTC4V3MUEKZm48W+XYpeWSZCv+vYF1ZABUm2CqnDVf1sFtIYrj7KQ==
  dependencies:
    "@octokit/types" "^6.0.3"
    is-plain-object "^5.0.0"
    universal-user-agent "^6.0.0"

"@octokit/graphql@^4.5.8":
  version "4.6.0"
  resolved "https://registry.yarnpkg.com/@octokit/graphql/-/graphql-4.6.0.tgz#f9abca55f82183964a33439d5264674c701c3327"
  integrity sha512-CJ6n7izLFXLvPZaWzCQDjU/RP+vHiZmWdOunaCS87v+2jxMsW9FB5ktfIxybRBxZjxuJGRnxk7xJecWTVxFUYQ==
  dependencies:
    "@octokit/request" "^5.3.0"
    "@octokit/types" "^6.0.3"
    universal-user-agent "^6.0.0"

"@octokit/openapi-types@^5.1.0":
  version "5.1.0"
  resolved "https://registry.yarnpkg.com/@octokit/openapi-types/-/openapi-types-5.1.0.tgz#661fd03c7d55fbcb0a0937d3353d87dea012f52c"
  integrity sha512-bodZvSYgycbUuuKrC/anCBUExvaSSWzMMFz0xl7pcJujxnmGxvqvcFHktjx1ZOSyeNKLfYF0QCgibaHUGsZTng==

"@octokit/plugin-paginate-rest@^2.2.3":
  version "2.10.0"
  resolved "https://registry.yarnpkg.com/@octokit/plugin-paginate-rest/-/plugin-paginate-rest-2.10.0.tgz#5925156d809c94b7bfc47b28e17488415548fa67"
  integrity sha512-71OsKBSMcQEu/6lfVbhv5C5ikU1rn10rKot/WiV7do7fyfElQ2eCUQFogHPbj0ci5lnKAjvahOiMAr6lcvL8Qw==
  dependencies:
    "@octokit/types" "^6.10.0"

"@octokit/plugin-rest-endpoint-methods@^4.0.0":
  version "4.12.0"
  resolved "https://registry.yarnpkg.com/@octokit/plugin-rest-endpoint-methods/-/plugin-rest-endpoint-methods-4.12.0.tgz#1cec405cd4eaf0bdb58cb7d2a9b3d8473b3a70e8"
  integrity sha512-RgnQ1aoetdOJjZYC37LV5FNlL7GY/v1CdC5dur1Zp/UiADJlbRFbAz/xLx26ovXw67dK7EUtwCghS+6QyiI9RA==
  dependencies:
    "@octokit/types" "^6.10.0"
    deprecation "^2.3.1"

"@octokit/request-error@^2.0.0":
  version "2.0.5"
  resolved "https://registry.yarnpkg.com/@octokit/request-error/-/request-error-2.0.5.tgz#72cc91edc870281ad583a42619256b380c600143"
  integrity sha512-T/2wcCFyM7SkXzNoyVNWjyVlUwBvW3igM3Btr/eKYiPmucXTtkxt2RBsf6gn3LTzaLSLTQtNmvg+dGsOxQrjZg==
  dependencies:
    "@octokit/types" "^6.0.3"
    deprecation "^2.0.0"
    once "^1.4.0"

"@octokit/request@^5.3.0", "@octokit/request@^5.4.12":
  version "5.4.14"
  resolved "https://registry.yarnpkg.com/@octokit/request/-/request-5.4.14.tgz#ec5f96f78333bb2af390afa5ff66f114b063bc96"
  integrity sha512-VkmtacOIQp9daSnBmDI92xNIeLuSRDOIuplp/CJomkvzt7M18NXgG044Cx/LFKLgjKt9T2tZR6AtJayba9GTSA==
  dependencies:
    "@octokit/endpoint" "^6.0.1"
    "@octokit/request-error" "^2.0.0"
    "@octokit/types" "^6.7.1"
    deprecation "^2.0.0"
    is-plain-object "^5.0.0"
    node-fetch "^2.6.1"
    once "^1.4.0"
    universal-user-agent "^6.0.0"

"@octokit/types@^6.0.3", "@octokit/types@^6.10.0", "@octokit/types@^6.7.1":
  version "6.10.0"
  resolved "https://registry.yarnpkg.com/@octokit/types/-/types-6.10.0.tgz#243faa864b0955f574012d52e179de38ac9ebafe"
  integrity sha512-aMDo10kglofejJ96edCBIgQLVuzMDyjxmhdgEcoUUD64PlHYSrNsAGqN0wZtoiX4/PCQ3JLA50IpkP1bcKD/cA==
  dependencies:
    "@octokit/openapi-types" "^5.1.0"

"@opencensus/web-types@0.0.7":
  version "0.0.7"
  resolved "https://registry.yarnpkg.com/@opencensus/web-types/-/web-types-0.0.7.tgz#4426de1fe5aa8f624db395d2152b902874f0570a"
  integrity sha512-xB+w7ZDAu3YBzqH44rCmG9/RlrOmFuDPt/bpf17eJr8eZSrLt7nc7LnWdxM9Mmoj/YKMHpxRg28txu3TcpiL+g==

"@opentelemetry/api@^0.10.2":
  version "0.10.2"
  resolved "https://registry.yarnpkg.com/@opentelemetry/api/-/api-0.10.2.tgz#9647b881f3e1654089ff7ea59d587b2d35060654"
  integrity sha512-GtpMGd6vkzDMYcpu2t9LlhEgMy/SzBwRnz48EejlRArYqZzqSzAsKmegUK7zHgl+EOIaK9mKHhnRaQu3qw20cA==
  dependencies:
    "@opentelemetry/context-base" "^0.10.2"

"@opentelemetry/context-base@^0.10.2":
  version "0.10.2"
  resolved "https://registry.yarnpkg.com/@opentelemetry/context-base/-/context-base-0.10.2.tgz#55bea904b2b91aa8a8675df9eaba5961bddb1def"
  integrity sha512-hZNKjKOYsckoOEgBziGMnBcX0M7EtstnCmwz5jZUOUYwlZ+/xxX6z3jPu1XVO2Jivk0eLfuP9GP+vFD49CMetw==

"@types/node-fetch@^2.3.7", "@types/node-fetch@^2.5.0":
  version "2.5.8"
  resolved "https://registry.yarnpkg.com/@types/node-fetch/-/node-fetch-2.5.8.tgz#e199c835d234c7eb0846f6618012e558544ee2fb"
  integrity sha512-fbjI6ja0N5ZA8TV53RUqzsKNkl9fv8Oj3T7zxW7FGv1GSH7gwJaNF8dzCjrqKaxKeUpTz4yT1DaJFq/omNpGfw==
  dependencies:
    "@types/node" "*"
    form-data "^3.0.0"

"@types/node@*":
  version "14.14.30"
  resolved "https://registry.yarnpkg.com/@types/node/-/node-14.14.30.tgz#7d5162eec085ba34f8cb9011e9ba12119f76f961"
  integrity sha512-gUWhy8s45fQp4PqqKecsnOkdW0kt1IaKjgOIR3HPokkzTmQj9ji2wWFID5THu1MKrtO+d4s2lVrlEhXUsPXSvg==

"@types/node@^12.11.1":
  version "12.20.3"
  resolved "https://registry.yarnpkg.com/@types/node/-/node-12.20.3.tgz#fbabde59d96c23a80e337ca6a71b464da2a0a824"
  integrity sha512-63cSd8J30Sr4/aFKKfDmCEM4GMH3W2efWT0Ii/B+Ohm3id0TU2xPEBFktiq3nXCZcN6VwVvpyv75I4zTP7YO/w==

"@types/tunnel@0.0.1", "@types/tunnel@^0.0.1":
  version "0.0.1"
  resolved "https://registry.yarnpkg.com/@types/tunnel/-/tunnel-0.0.1.tgz#0d72774768b73df26f25df9184273a42da72b19c"
  integrity sha512-AOqu6bQu5MSWwYvehMXLukFHnupHrpZ8nvgae5Ggie9UwzDR1CCwoXgSSWNZJuyOlCdfdsWMA5F2LlmvyoTv8A==
  dependencies:
    "@types/node" "*"

abort-controller@^3.0.0:
  version "3.0.0"
  resolved "https://registry.yarnpkg.com/abort-controller/-/abort-controller-3.0.0.tgz#eaf54d53b62bae4138e809ca225c8439a6efb392"
  integrity sha512-h8lQ8tacZYnR3vNQTgibj+tODHI5/+l06Au2Pcriv/Gmet0eaj4TwWH41sO9wnHDiQsEj19q0drzdWdeAHtweg==
  dependencies:
    event-target-shim "^5.0.0"

asynckit@^0.4.0:
  version "0.4.0"
  resolved "https://registry.yarnpkg.com/asynckit/-/asynckit-0.4.0.tgz#c79ed97f7f34cb8f2ba1bc9790bcc366474b4b79"
  integrity sha1-x57Zf380y48robyXkLzDZkdLS3k=

balanced-match@^1.0.0:
  version "1.0.0"
  resolved "https://registry.yarnpkg.com/balanced-match/-/balanced-match-1.0.0.tgz#89b4d199ab2bee49de164ea02b89ce462d71b767"
  integrity sha1-ibTRmasr7kneFk6gK4nORi1xt2c=

before-after-hook@^2.1.0:
  version "2.1.1"
  resolved "https://registry.yarnpkg.com/before-after-hook/-/before-after-hook-2.1.1.tgz#99ae36992b5cfab4a83f6bee74ab27835f28f405"
  integrity sha512-5ekuQOvO04MDj7kYZJaMab2S8SPjGJbotVNyv7QYFCOAwrGZs/YnoDNlh1U+m5hl7H2D/+n0taaAV/tfyd3KMA==

brace-expansion@^1.1.7:
  version "1.1.11"
  resolved "https://registry.yarnpkg.com/brace-expansion/-/brace-expansion-1.1.11.tgz#3c7fcbf529d87226f3d2f52b966ff5271eb441dd"
  integrity sha512-iCuPHDFgrHX7H2vEI/5xpz07zSHB00TpugqhmYtVmMO6518mCuRMoOYFldEBl0g187ufozdaHgWKcYFb61qGiA==
  dependencies:
    balanced-match "^1.0.0"
    concat-map "0.0.1"

combined-stream@^1.0.6, combined-stream@^1.0.8:
  version "1.0.8"
  resolved "https://registry.yarnpkg.com/combined-stream/-/combined-stream-1.0.8.tgz#c3d45a8b34fd730631a110a8a2520682b31d5a7f"
  integrity sha512-FQN4MRfuJeHf7cBbBMJFXhKSDq+2kAArBlmRBvcvFE5BB1HZKXtSFASDhdlz9zOYwxh8lDdnvmMOe/+5cdoEdg==
  dependencies:
    delayed-stream "~1.0.0"

concat-map@0.0.1:
  version "0.0.1"
  resolved "https://registry.yarnpkg.com/concat-map/-/concat-map-0.0.1.tgz#d8a96bd77fd68df7793a73036a3ba0d5405d477b"
  integrity sha1-2Klr13/Wjfd5OnMDajug1UBdR3s=

delayed-stream@~1.0.0:
  version "1.0.0"
  resolved "https://registry.yarnpkg.com/delayed-stream/-/delayed-stream-1.0.0.tgz#df3ae199acadfb7d440aaae0b29e2272b24ec619"
  integrity sha1-3zrhmayt+31ECqrgsp4icrJOxhk=

deprecation@^2.0.0, deprecation@^2.3.1:
  version "2.3.1"
  resolved "https://registry.yarnpkg.com/deprecation/-/deprecation-2.3.1.tgz#6368cbdb40abf3373b525ac87e4a260c3a700919"
  integrity sha512-xmHIy4F3scKVwMsQ4WnVaS8bHOx0DmVwRywosKhaILI0ywMDWPtBSku2HNxRvF7jtwDRsoEwYQSfbxj8b7RlJQ==

diff-lines@^1.1.1:
  version "1.1.1"
  resolved "https://registry.yarnpkg.com/diff-lines/-/diff-lines-1.1.1.tgz#4f10a709b6ce2af1d6b412ada5a90cf01d782571"
  integrity sha512-Oo5JzEEriF/+T0usOeRP5yOzr6SWvni2rrxvIgijMZSxPcEvf8JOvCO5GpnWwkte7fcOgnue/f5ECg1H9lMPCw==
  dependencies:
    diff "^3.5.0"

diff@^3.5.0:
  version "3.5.0"
  resolved "https://registry.yarnpkg.com/diff/-/diff-3.5.0.tgz#800c0dd1e0a8bfbc95835c202ad220fe317e5a12"
  integrity sha512-A46qtFgd+g7pDZinpnwiRJtxbC1hpgf0uzP3iG89scHk0AUC7A1TGxf5OiiOUv/JMZR8GOt8hL900hV0bOy5xA==

event-target-shim@^5.0.0:
  version "5.0.1"
  resolved "https://registry.yarnpkg.com/event-target-shim/-/event-target-shim-5.0.1.tgz#5d4d3ebdf9583d63a5333ce2deb7480ab2b05789"
  integrity sha512-i/2XbnSz/uxRCU6+NdVJgKWDTM427+MqYbkQzD321DuCQJUqOuJKIA0IM2+W2xtYHdKOmZ4dR6fExsd4SXL+WQ==

events@^3.0.0:
  version "3.2.0"
  resolved "https://registry.yarnpkg.com/events/-/events-3.2.0.tgz#93b87c18f8efcd4202a461aec4dfc0556b639379"
  integrity sha512-/46HWwbfCX2xTawVfkKLGxMifJYQBWMwY1mjywRtb4c9x8l5NP3KoJtnIOiL1hfdRkIuYhETxQlo62IF8tcnlg==

form-data@^2.5.0:
  version "2.5.1"
  resolved "https://registry.yarnpkg.com/form-data/-/form-data-2.5.1.tgz#f2cbec57b5e59e23716e128fe44d4e5dd23895f4"
  integrity sha512-m21N3WOmEEURgk6B9GLOE4RuWOFf28Lhh9qGYeNlGq4VDXUlJy2th2slBNU8Gp8EzloYZOibZJ7t5ecIrFSjVA==
  dependencies:
    asynckit "^0.4.0"
    combined-stream "^1.0.6"
    mime-types "^2.1.12"

form-data@^3.0.0:
  version "3.0.1"
  resolved "https://registry.yarnpkg.com/form-data/-/form-data-3.0.1.tgz#ebd53791b78356a99af9a300d4282c4d5eb9755f"
  integrity sha512-RHkBKtLWUVwd7SqRIvCZMEvAMoGUp0XU+seQiZejj0COz3RI3hWP4sCv3gZWWLjJTd7rGwcsF5eKZGii0r/hbg==
  dependencies:
    asynckit "^0.4.0"
    combined-stream "^1.0.8"
    mime-types "^2.1.12"

ip-regex@^2.1.0:
  version "2.1.0"
  resolved "https://registry.yarnpkg.com/ip-regex/-/ip-regex-2.1.0.tgz#fa78bf5d2e6913c911ce9f819ee5146bb6d844e9"
  integrity sha1-+ni/XS5pE8kRzp+BnuUUa7bYROk=

is-plain-object@^5.0.0:
  version "5.0.0"
  resolved "https://registry.yarnpkg.com/is-plain-object/-/is-plain-object-5.0.0.tgz#4427f50ab3429e9025ea7d52e9043a9ef4159344"
  integrity sha512-VRSzKkbMm5jMDoKLbltAkFQ5Qr7VDiTFGXxYFXXowVj387GeGNOCsOH6Msy00SGZ3Fp84b1Naa1psqgcCIEP5Q==

mime-db@1.46.0:
  version "1.46.0"
  resolved "https://registry.yarnpkg.com/mime-db/-/mime-db-1.46.0.tgz#6267748a7f799594de3cbc8cde91def349661cee"
  integrity sha512-svXaP8UQRZ5K7or+ZmfNhg2xX3yKDMUzqadsSqi4NCH/KomcH75MAMYAGVlvXn4+b/xOPhS3I2uHKRUzvjY7BQ==

mime-types@^2.1.12:
  version "2.1.29"
  resolved "https://registry.yarnpkg.com/mime-types/-/mime-types-2.1.29.tgz#1d4ab77da64b91f5f72489df29236563754bb1b2"
  integrity sha512-Y/jMt/S5sR9OaqteJtslsFZKWOIIqMACsJSiHghlCAyhf7jfVYjKBmLiX8OgpWeW+fjJ2b+Az69aPFPkUOY6xQ==
  dependencies:
    mime-db "1.46.0"

minimatch@^3.0.4:
  version "3.0.4"
  resolved "https://registry.yarnpkg.com/minimatch/-/minimatch-3.0.4.tgz#5166e286457f03306064be5497e8dbb0c3d32083"
  integrity sha512-yJHVQEhyqPLUTgt9B83PXu6W3rx4MvvHvSUvToogpwoGDOUQ+yDrR0HRot+yOCdCO7u4hX3pWft6kWBBcqh0UA==
  dependencies:
    brace-expansion "^1.1.7"

node-fetch@^2.6.0, node-fetch@^2.6.1:
  version "2.6.1"
  resolved "https://registry.yarnpkg.com/node-fetch/-/node-fetch-2.6.1.tgz#045bd323631f76ed2e2b55573394416b639a0052"
  integrity sha512-V4aYg89jEoVRxRb2fJdAg8FHvI7cEyYdVAh94HH0UIK8oJxUfkjlDQN9RbMx+bEjP7+ggMiFRprSti032Oipxw==

normalize-newline@^3.0.0:
  version "3.0.0"
  resolved "https://registry.yarnpkg.com/normalize-newline/-/normalize-newline-3.0.0.tgz#1cbea804aba436001f83938ab21ec039d69ae9d3"
  integrity sha1-HL6oBKukNgAfg5OKsh7AOdaa6dM=

once@^1.4.0:
  version "1.4.0"
  resolved "https://registry.yarnpkg.com/once/-/once-1.4.0.tgz#583b1aa775961d4b113ac17d9c50baef9dd76bd1"
  integrity sha1-WDsap3WWHUsROsF9nFC6753Xa9E=
  dependencies:
    wrappy "1"

process@^0.11.10:
  version "0.11.10"
  resolved "https://registry.yarnpkg.com/process/-/process-0.11.10.tgz#7332300e840161bda3e69a1d1d91a7d4bc16f182"
  integrity sha1-czIwDoQBYb2j5podHZGn1LwW8YI=

psl@^1.1.28, psl@^1.1.33:
  version "1.8.0"
  resolved "https://registry.yarnpkg.com/psl/-/psl-1.8.0.tgz#9326f8bcfb013adcc005fdff056acce020e51c24"
  integrity sha512-RIdOzyoavK+hA18OGGWDqUTsCLhtA7IcZ/6NCs4fFJaHBDab+pDDmDIByWFRQJq2Cd7r1OoQxBGKOaztq+hjIQ==

punycode@^2.1.1:
  version "2.1.1"
  resolved "https://registry.yarnpkg.com/punycode/-/punycode-2.1.1.tgz#b58b010ac40c22c5657616c8d2c2c02c7bf479ec"
  integrity sha512-XRsRjdf+j5ml+y/6GKHPZbrF/8p2Yga0JPtdqTIY2Xe5ohJPD9saDJJLPvp9+NSBprVvevdXZybnj2cv8OEd0A==

sax@>=0.6.0:
  version "1.2.4"
  resolved "https://registry.yarnpkg.com/sax/-/sax-1.2.4.tgz#2816234e2378bddc4e5354fab5caa895df7100d9"
  integrity sha512-NqVDv9TpANUjFm0N8uM5GxL36UgKi9/atZw+x7YFnQ8ckwFGKrl4xX4yWtrey3UJm5nP1kUbnYgLopqWNSRhWw==

semver@^6.1.0:
  version "6.3.0"
  resolved "https://registry.yarnpkg.com/semver/-/semver-6.3.0.tgz#ee0a64c8af5e8ceea67687b133761e1becbd1d3d"
  integrity sha512-b39TBaTSfV6yBrapU89p5fKekE2m/NwnDocOVruQFS1/veMgdzuPcnOM34M6CwxW8jH/lxEa5rBoDeUwu5HHTw==

tough-cookie@^3.0.1:
  version "3.0.1"
  resolved "https://registry.yarnpkg.com/tough-cookie/-/tough-cookie-3.0.1.tgz#9df4f57e739c26930a018184887f4adb7dca73b2"
  integrity sha512-yQyJ0u4pZsv9D4clxO69OEjLWYw+jbgspjTue4lTQZLfV0c5l1VmK2y1JK8E9ahdpltPOaAThPcp5nKPUgSnsg==
  dependencies:
    ip-regex "^2.1.0"
    psl "^1.1.28"
    punycode "^2.1.1"

tough-cookie@^4.0.0:
  version "4.0.0"
  resolved "https://registry.yarnpkg.com/tough-cookie/-/tough-cookie-4.0.0.tgz#d822234eeca882f991f0f908824ad2622ddbece4"
  integrity sha512-tHdtEpQCMrc1YLrMaqXXcj6AxhYi/xgit6mZu1+EDWUn+qhUf8wMQoFIy9NXuq23zAwtcB0t/MjACGR18pcRbg==
  dependencies:
    psl "^1.1.33"
    punycode "^2.1.1"
    universalify "^0.1.2"

tslib@^1.10.0:
  version "1.14.1"
  resolved "https://registry.yarnpkg.com/tslib/-/tslib-1.14.1.tgz#cf2d38bdc34a134bcaf1091c41f6619e2f672d00"
  integrity sha512-Xni35NKzjgMrwevysHTCArtLDpPvye8zV/0E4EyYn43P7/7qvQwPh9BGkHewbMulVntbigmcT7rdX3BNo9wRJg==

tslib@^2.0.0:
  version "2.1.0"
  resolved "https://registry.yarnpkg.com/tslib/-/tslib-2.1.0.tgz#da60860f1c2ecaa5703ab7d39bc05b6bf988b97a"
  integrity sha512-hcVC3wYEziELGGmEEXue7D75zbwIIVUMWAVbHItGPx0ziyXxrOMQx4rQEVEV45Ut/1IotuEvwqPopzIOkDMf0A==

tunnel@0.0.6, tunnel@^0.0.6:
  version "0.0.6"
  resolved "https://registry.yarnpkg.com/tunnel/-/tunnel-0.0.6.tgz#72f1314b34a5b192db012324df2cc587ca47f92c"
  integrity sha512-1h/Lnq9yajKY2PEbBadPXj3VxsDDu844OnaAo52UVmIzIvwwtBPIuNvkjuzBlTWpfJyUbG3ez0KSBibQkj4ojg==

typescript@^4.1.3:
  version "4.1.5"
  resolved "https://registry.yarnpkg.com/typescript/-/typescript-4.1.5.tgz#123a3b214aaff3be32926f0d8f1f6e704eb89a72"
  integrity sha512-6OSu9PTIzmn9TCDiovULTnET6BgXtDYL4Gg4szY+cGsc3JP1dQL8qvE8kShTRx1NIw4Q9IBHlwODjkjWEtMUyA==

universal-user-agent@^6.0.0:
  version "6.0.0"
  resolved "https://registry.yarnpkg.com/universal-user-agent/-/universal-user-agent-6.0.0.tgz#3381f8503b251c0d9cd21bc1de939ec9df5480ee"
  integrity sha512-isyNax3wXoKaulPDZWHQqbmIx1k2tb9fb3GGDBRxCscfYV2Ch7WxPArBsFEG8s/safwXTT7H4QGhaIkTp9447w==

universalify@^0.1.2:
  version "0.1.2"
  resolved "https://registry.yarnpkg.com/universalify/-/universalify-0.1.2.tgz#b646f69be3942dabcecc9d6639c80dc105efaa66"
  integrity sha512-rBJeI5CXAlmy1pV+617WB9J63U6XcazHHF2f2dbJix4XzpUF0RS3Zbj0FGIOCAva5P/d/GBOYaACQ1w+0azUkg==

uuid@^3.3.2, uuid@^3.3.3:
  version "3.4.0"
  resolved "https://registry.yarnpkg.com/uuid/-/uuid-3.4.0.tgz#b23e4358afa8a202fe7a100af1f5f883f02007ee"
  integrity sha512-HjSDRw6gZE5JMggctHBcjVak08+KEVhSIiDzFnT9S9aegmp85S/bReBVTb4QTFaRNptJ9kuYaNhnbNEOkbKb/A==

uuid@^8.3.0:
  version "8.3.2"
  resolved "https://registry.yarnpkg.com/uuid/-/uuid-8.3.2.tgz#80d5b5ced271bb9af6c445f21a1a04c606cefbe2"
  integrity sha512-+NYs2QeMWy+GWFOEm9xnn6HCDp0l7QBD7ml8zLUmJ+93Q5NF0NocErnwkTkXVFNiX3/fpC6afS8Dhb/gz7R7eg==

wrappy@1:
  version "1.0.2"
  resolved "https://registry.yarnpkg.com/wrappy/-/wrappy-1.0.2.tgz#b5243d8f3ec1aa35f1364605bc0d1036e30ab69f"
  integrity sha1-tSQ9jz7BqjXxNkYFvA0QNuMKtp8=

xml2js@^0.4.19:
  version "0.4.23"
  resolved "https://registry.yarnpkg.com/xml2js/-/xml2js-0.4.23.tgz#a0c69516752421eb2ac758ee4d4ccf58843eac66"
  integrity sha512-ySPiMjM0+pLDftHgXY4By0uswI3SPKLDw/i3UXbnO8M/p28zqexCUoPmQFrYD+/1BzhGJSs2i1ERWKJAtiLrug==
  dependencies:
    sax ">=0.6.0"
    xmlbuilder "~11.0.0"

xmlbuilder@~11.0.0:
  version "11.0.1"
  resolved "https://registry.yarnpkg.com/xmlbuilder/-/xmlbuilder-11.0.1.tgz#be9bae1c8a046e76b31127726347d0ad7002beb3"
  integrity sha512-fDlsI/kFEx7gLvbecc0/ohLG50fugQp8ryHzMTuW9vSa1GJ0XYWKnhsUx7oie3G98+r56aTQIUB4kht42R3JvA==
